// !$*UTF8*$!
{
	archiveVersion = 1;
	classes = {
	};
	objectVersion = 56;
	objects = {

/* Begin PBXBuildFile section */
		4105E0F92AA2204C00049009 /* SicboTableView.swift in Sources */ = {isa = PBXBuildFile; fileRef = 4105E0F82AA2204C00049009 /* SicboTableView.swift */; };
		4105E0FB2AA2630900049009 /* MainMenuView.swift in Sources */ = {isa = PBXBuildFile; fileRef = 4105E0FA2AA2630900049009 /* MainMenuView.swift */; };
		4105E0FD2AA2829700049009 /* UserHandler.swift in Sources */ = {isa = PBXBuildFile; fileRef = 4105E0FC2AA2829700049009 /* UserHandler.swift */; };
		4105E1002AA34BE200049009 /* RegisterLoginView.swift in Sources */ = {isa = PBXBuildFile; fileRef = 4105E0FE2AA349CA00049009 /* RegisterLoginView.swift */; };
		4105E1022AA355E500049009 /* Player.swift in Sources */ = {isa = PBXBuildFile; fileRef = 4105E1012AA355E500049009 /* Player.swift */; };
		4105E1042AA362CF00049009 /* PlayerModel.swift in Sources */ = {isa = PBXBuildFile; fileRef = 4105E1032AA362CF00049009 /* PlayerModel.swift */; };
		4105E1062AA38C2E00049009 /* LeaderViewBoard.swift in Sources */ = {isa = PBXBuildFile; fileRef = 4105E1052AA38C2E00049009 /* LeaderViewBoard.swift */; };
		4143557A2AA1F1D500992C51 /* PlaySound.swift in Sources */ = {isa = PBXBuildFile; fileRef = 414355792AA1F1D500992C51 /* PlaySound.swift */; };
		414355842AA1F48C00992C51 /* ring-up.mp3 in Resources */ = {isa = PBXBuildFile; fileRef = 4143557C2AA1F48A00992C51 /* ring-up.mp3 */; };
		414355852AA1F48C00992C51 /* winning.mp3 in Resources */ = {isa = PBXBuildFile; fileRef = 4143557D2AA1F48A00992C51 /* winning.mp3 */; };
		414355862AA1F48C00992C51 /* highscore.mp3 in Resources */ = {isa = PBXBuildFile; fileRef = 4143557E2AA1F48B00992C51 /* highscore.mp3 */; };
		414355872AA1F48C00992C51 /* spin.mp3 in Resources */ = {isa = PBXBuildFile; fileRef = 4143557F2AA1F48B00992C51 /* spin.mp3 */; };
		414355882AA1F48C00992C51 /* bet-chip.mp3 in Resources */ = {isa = PBXBuildFile; fileRef = 414355802AA1F48B00992C51 /* bet-chip.mp3 */; };
		414355892AA1F48C00992C51 /* blink.mp3 in Resources */ = {isa = PBXBuildFile; fileRef = 414355812AA1F48B00992C51 /* blink.mp3 */; };
		4143558A2AA1F48C00992C51 /* gameover.mp3 in Resources */ = {isa = PBXBuildFile; fileRef = 414355822AA1F48B00992C51 /* gameover.mp3 */; };
		4143558B2AA1F48C00992C51 /* drum-music.mp3 in Resources */ = {isa = PBXBuildFile; fileRef = 414355832AA1F48C00992C51 /* drum-music.mp3 */; };
		4143558D2AA1FC1E00992C51 /* InfoView.swift in Sources */ = {isa = PBXBuildFile; fileRef = 4143558C2AA1FC1E00992C51 /* InfoView.swift */; };
		416B6D6E2AA1A13C0084101D /* LogoView.swift in Sources */ = {isa = PBXBuildFile; fileRef = 416B6D6D2AA1A13C0084101D /* LogoView.swift */; };
		416B6D702AA1A3D90084101D /* Modifiers.swift in Sources */ = {isa = PBXBuildFile; fileRef = 416B6D6F2AA1A3D90084101D /* Modifiers.swift */; };
		416B6D722AA1B0350084101D /* ReelView.swift in Sources */ = {isa = PBXBuildFile; fileRef = 416B6D712AA1B0350084101D /* ReelView.swift */; };
		41B8A86F2A9F9F610068EF04 /* TaiXiuAppApp.swift in Sources */ = {isa = PBXBuildFile; fileRef = 41B8A86E2A9F9F610068EF04 /* TaiXiuAppApp.swift */; };
		41B8A8712A9F9F610068EF04 /* ContentView.swift in Sources */ = {isa = PBXBuildFile; fileRef = 41B8A8702A9F9F610068EF04 /* ContentView.swift */; };
		41B8A8732A9F9F670068EF04 /* Assets.xcassets in Resources */ = {isa = PBXBuildFile; fileRef = 41B8A8722A9F9F670068EF04 /* Assets.xcassets */; };
		41B8A8762A9F9F680068EF04 /* Preview Assets.xcassets in Resources */ = {isa = PBXBuildFile; fileRef = 41B8A8752A9F9F680068EF04 /* Preview Assets.xcassets */; };
		41E8CF862AA446A400ED2C02 /* LeaderBoardRow.swift in Sources */ = {isa = PBXBuildFile; fileRef = 41E8CF852AA446A400ED2C02 /* LeaderBoardRow.swift */; };
		41E8CF882AA46D7800ED2C02 /* SettingView.swift in Sources */ = {isa = PBXBuildFile; fileRef = 41E8CF872AA46D7800ED2C02 /* SettingView.swift */; };
		41E8CF8A2AA4B24B00ED2C02 /* Achievement.swift in Sources */ = {isa = PBXBuildFile; fileRef = 41E8CF892AA4B24B00ED2C02 /* Achievement.swift */; };
/* End PBXBuildFile section */

/* Begin PBXFileReference section */
		4105E0F82AA2204C00049009 /* SicboTableView.swift */ = {isa = PBXFileReference; lastKnownFileType = sourcecode.swift; path = SicboTableView.swift; sourceTree = "<group>"; };
		4105E0FA2AA2630900049009 /* MainMenuView.swift */ = {isa = PBXFileReference; lastKnownFileType = sourcecode.swift; path = MainMenuView.swift; sourceTree = "<group>"; };
		4105E0FC2AA2829700049009 /* UserHandler.swift */ = {isa = PBXFileReference; lastKnownFileType = sourcecode.swift; path = UserHandler.swift; sourceTree = "<group>"; };
		4105E0FE2AA349CA00049009 /* RegisterLoginView.swift */ = {isa = PBXFileReference; lastKnownFileType = sourcecode.swift; path = RegisterLoginView.swift; sourceTree = "<group>"; };
		4105E1012AA355E500049009 /* Player.swift */ = {isa = PBXFileReference; lastKnownFileType = sourcecode.swift; path = Player.swift; sourceTree = "<group>"; };
		4105E1032AA362CF00049009 /* PlayerModel.swift */ = {isa = PBXFileReference; lastKnownFileType = sourcecode.swift; path = PlayerModel.swift; sourceTree = "<group>"; };
		4105E1052AA38C2E00049009 /* LeaderViewBoard.swift */ = {isa = PBXFileReference; lastKnownFileType = sourcecode.swift; path = LeaderViewBoard.swift; sourceTree = "<group>"; };
		414355792AA1F1D500992C51 /* PlaySound.swift */ = {isa = PBXFileReference; lastKnownFileType = sourcecode.swift; path = PlaySound.swift; sourceTree = "<group>"; };
		4143557C2AA1F48A00992C51 /* ring-up.mp3 */ = {isa = PBXFileReference; lastKnownFileType = audio.mp3; path = "ring-up.mp3"; sourceTree = "<group>"; };
		4143557D2AA1F48A00992C51 /* winning.mp3 */ = {isa = PBXFileReference; lastKnownFileType = audio.mp3; path = winning.mp3; sourceTree = "<group>"; };
		4143557E2AA1F48B00992C51 /* highscore.mp3 */ = {isa = PBXFileReference; lastKnownFileType = audio.mp3; path = highscore.mp3; sourceTree = "<group>"; };
		4143557F2AA1F48B00992C51 /* spin.mp3 */ = {isa = PBXFileReference; lastKnownFileType = audio.mp3; path = spin.mp3; sourceTree = "<group>"; };
		414355802AA1F48B00992C51 /* bet-chip.mp3 */ = {isa = PBXFileReference; lastKnownFileType = audio.mp3; path = "bet-chip.mp3"; sourceTree = "<group>"; };
		414355812AA1F48B00992C51 /* blink.mp3 */ = {isa = PBXFileReference; lastKnownFileType = audio.mp3; path = blink.mp3; sourceTree = "<group>"; };
		414355822AA1F48B00992C51 /* gameover.mp3 */ = {isa = PBXFileReference; lastKnownFileType = audio.mp3; path = gameover.mp3; sourceTree = "<group>"; };
		414355832AA1F48C00992C51 /* drum-music.mp3 */ = {isa = PBXFileReference; lastKnownFileType = audio.mp3; path = "drum-music.mp3"; sourceTree = "<group>"; };
		4143558C2AA1FC1E00992C51 /* InfoView.swift */ = {isa = PBXFileReference; lastKnownFileType = sourcecode.swift; path = InfoView.swift; sourceTree = "<group>"; };
		416B6D6D2AA1A13C0084101D /* LogoView.swift */ = {isa = PBXFileReference; lastKnownFileType = sourcecode.swift; path = LogoView.swift; sourceTree = "<group>"; };
		416B6D6F2AA1A3D90084101D /* Modifiers.swift */ = {isa = PBXFileReference; lastKnownFileType = sourcecode.swift; path = Modifiers.swift; sourceTree = "<group>"; };
		416B6D712AA1B0350084101D /* ReelView.swift */ = {isa = PBXFileReference; lastKnownFileType = sourcecode.swift; path = ReelView.swift; sourceTree = "<group>"; };
		41B8A86B2A9F9F600068EF04 /* TaiXiuApp.app */ = {isa = PBXFileReference; explicitFileType = wrapper.application; includeInIndex = 0; path = TaiXiuApp.app; sourceTree = BUILT_PRODUCTS_DIR; };
		41B8A86E2A9F9F610068EF04 /* TaiXiuAppApp.swift */ = {isa = PBXFileReference; lastKnownFileType = sourcecode.swift; path = TaiXiuAppApp.swift; sourceTree = "<group>"; };
		41B8A8702A9F9F610068EF04 /* ContentView.swift */ = {isa = PBXFileReference; lastKnownFileType = sourcecode.swift; path = ContentView.swift; sourceTree = "<group>"; };
		41B8A8722A9F9F670068EF04 /* Assets.xcassets */ = {isa = PBXFileReference; lastKnownFileType = folder.assetcatalog; path = Assets.xcassets; sourceTree = "<group>"; };
		41B8A8752A9F9F680068EF04 /* Preview Assets.xcassets */ = {isa = PBXFileReference; lastKnownFileType = folder.assetcatalog; path = "Preview Assets.xcassets"; sourceTree = "<group>"; };
		41E8CF852AA446A400ED2C02 /* LeaderBoardRow.swift */ = {isa = PBXFileReference; lastKnownFileType = sourcecode.swift; path = LeaderBoardRow.swift; sourceTree = "<group>"; };
		41E8CF872AA46D7800ED2C02 /* SettingView.swift */ = {isa = PBXFileReference; lastKnownFileType = sourcecode.swift; path = SettingView.swift; sourceTree = "<group>"; };
		41E8CF892AA4B24B00ED2C02 /* Achievement.swift */ = {isa = PBXFileReference; lastKnownFileType = sourcecode.swift; path = Achievement.swift; sourceTree = "<group>"; };
/* End PBXFileReference section */

/* Begin PBXFrameworksBuildPhase section */
		41B8A8682A9F9F600068EF04 /* Frameworks */ = {
			isa = PBXFrameworksBuildPhase;
			buildActionMask = 2147483647;
			files = (
			);
			runOnlyForDeploymentPostprocessing = 0;
		};
/* End PBXFrameworksBuildPhase section */

/* Begin PBXGroup section */
		4143557B2AA1F46F00992C51 /* Sounds */ = {
			isa = PBXGroup;
			children = (
				414355802AA1F48B00992C51 /* bet-chip.mp3 */,
				414355812AA1F48B00992C51 /* blink.mp3 */,
				414355832AA1F48C00992C51 /* drum-music.mp3 */,
				414355822AA1F48B00992C51 /* gameover.mp3 */,
				4143557E2AA1F48B00992C51 /* highscore.mp3 */,
				4143557C2AA1F48A00992C51 /* ring-up.mp3 */,
				4143557F2AA1F48B00992C51 /* spin.mp3 */,
				4143557D2AA1F48A00992C51 /* winning.mp3 */,
			);
			path = Sounds;
			sourceTree = "<group>";
		};
		416B6D672AA1975B0084101D /* Views */ = {
			isa = PBXGroup;
			children = (
				41B8A8702A9F9F610068EF04 /* ContentView.swift */,
				416B6D6D2AA1A13C0084101D /* LogoView.swift */,
				416B6D712AA1B0350084101D /* ReelView.swift */,
				4143558C2AA1FC1E00992C51 /* InfoView.swift */,
				4105E0F82AA2204C00049009 /* SicboTableView.swift */,
				4105E0FA2AA2630900049009 /* MainMenuView.swift */,
				4105E0FE2AA349CA00049009 /* RegisterLoginView.swift */,
				4105E1052AA38C2E00049009 /* LeaderViewBoard.swift */,
				41E8CF852AA446A400ED2C02 /* LeaderBoardRow.swift */,
				41E8CF872AA46D7800ED2C02 /* SettingView.swift */,
			);
			path = Views;
			sourceTree = "<group>";
		};
		416B6D6B2AA198250084101D /* Helpers */ = {
			isa = PBXGroup;
			children = (
				4105E1012AA355E500049009 /* Player.swift */,
				4105E1032AA362CF00049009 /* PlayerModel.swift */,
				416B6D6F2AA1A3D90084101D /* Modifiers.swift */,
				414355792AA1F1D500992C51 /* PlaySound.swift */,
				4105E0FC2AA2829700049009 /* UserHandler.swift */,
				41E8CF892AA4B24B00ED2C02 /* Achievement.swift */,
			);
			path = Helpers;
			sourceTree = "<group>";
		};
		41B8A8622A9F9F600068EF04 = {
			isa = PBXGroup;
			children = (
				41B8A86D2A9F9F600068EF04 /* TaiXiuApp */,
				41B8A86C2A9F9F600068EF04 /* Products */,
			);
			sourceTree = "<group>";
		};
		41B8A86C2A9F9F600068EF04 /* Products */ = {
			isa = PBXGroup;
			children = (
				41B8A86B2A9F9F600068EF04 /* TaiXiuApp.app */,
			);
			name = Products;
			sourceTree = "<group>";
		};
		41B8A86D2A9F9F600068EF04 /* TaiXiuApp */ = {
			isa = PBXGroup;
			children = (
				41B8A86E2A9F9F610068EF04 /* TaiXiuAppApp.swift */,
				416B6D672AA1975B0084101D /* Views */,
				416B6D6B2AA198250084101D /* Helpers */,
				4143557B2AA1F46F00992C51 /* Sounds */,
				41B8A8722A9F9F670068EF04 /* Assets.xcassets */,
				41B8A8742A9F9F680068EF04 /* Preview Content */,
			);
			path = TaiXiuApp;
			sourceTree = "<group>";
		};
		41B8A8742A9F9F680068EF04 /* Preview Content */ = {
			isa = PBXGroup;
			children = (
				41B8A8752A9F9F680068EF04 /* Preview Assets.xcassets */,
			);
			path = "Preview Content";
			sourceTree = "<group>";
		};
/* End PBXGroup section */

/* Begin PBXNativeTarget section */
		41B8A86A2A9F9F600068EF04 /* TaiXiuApp */ = {
			isa = PBXNativeTarget;
			buildConfigurationList = 41B8A8792A9F9F680068EF04 /* Build configuration list for PBXNativeTarget "TaiXiuApp" */;
			buildPhases = (
				41B8A8672A9F9F600068EF04 /* Sources */,
				41B8A8682A9F9F600068EF04 /* Frameworks */,
				41B8A8692A9F9F600068EF04 /* Resources */,
			);
			buildRules = (
			);
			dependencies = (
			);
			name = TaiXiuApp;
			productName = TaiXiuApp;
			productReference = 41B8A86B2A9F9F600068EF04 /* TaiXiuApp.app */;
			productType = "com.apple.product-type.application";
		};
/* End PBXNativeTarget section */

/* Begin PBXProject section */
		41B8A8632A9F9F600068EF04 /* Project object */ = {
			isa = PBXProject;
			attributes = {
				BuildIndependentTargetsInParallel = 1;
				LastSwiftUpdateCheck = 1430;
				LastUpgradeCheck = 1430;
				TargetAttributes = {
					41B8A86A2A9F9F600068EF04 = {
						CreatedOnToolsVersion = 14.3.1;
					};
				};
			};
			buildConfigurationList = 41B8A8662A9F9F600068EF04 /* Build configuration list for PBXProject "TaiXiuApp" */;
			compatibilityVersion = "Xcode 14.0";
			developmentRegion = en;
			hasScannedForEncodings = 0;
			knownRegions = (
				en,
				Base,
			);
			mainGroup = 41B8A8622A9F9F600068EF04;
			productRefGroup = 41B8A86C2A9F9F600068EF04 /* Products */;
			projectDirPath = "";
			projectRoot = "";
			targets = (
				41B8A86A2A9F9F600068EF04 /* TaiXiuApp */,
			);
		};
/* End PBXProject section */

/* Begin PBXResourcesBuildPhase section */
		41B8A8692A9F9F600068EF04 /* Resources */ = {
			isa = PBXResourcesBuildPhase;
			buildActionMask = 2147483647;
			files = (
				41B8A8762A9F9F680068EF04 /* Preview Assets.xcassets in Resources */,
				414355892AA1F48C00992C51 /* blink.mp3 in Resources */,
				41B8A8732A9F9F670068EF04 /* Assets.xcassets in Resources */,
				4143558B2AA1F48C00992C51 /* drum-music.mp3 in Resources */,
				414355872AA1F48C00992C51 /* spin.mp3 in Resources */,
				414355862AA1F48C00992C51 /* highscore.mp3 in Resources */,
				4143558A2AA1F48C00992C51 /* gameover.mp3 in Resources */,
				414355842AA1F48C00992C51 /* ring-up.mp3 in Resources */,
				414355882AA1F48C00992C51 /* bet-chip.mp3 in Resources */,
				414355852AA1F48C00992C51 /* winning.mp3 in Resources */,
			);
			runOnlyForDeploymentPostprocessing = 0;
		};
/* End PBXResourcesBuildPhase section */

/* Begin PBXSourcesBuildPhase section */
		41B8A8672A9F9F600068EF04 /* Sources */ = {
			isa = PBXSourcesBuildPhase;
			buildActionMask = 2147483647;
			files = (
				416B6D702AA1A3D90084101D /* Modifiers.swift in Sources */,
				4143557A2AA1F1D500992C51 /* PlaySound.swift in Sources */,
				4105E1022AA355E500049009 /* Player.swift in Sources */,
				4105E1042AA362CF00049009 /* PlayerModel.swift in Sources */,
				4105E0F92AA2204C00049009 /* SicboTableView.swift in Sources */,
				41E8CF8A2AA4B24B00ED2C02 /* Achievement.swift in Sources */,
				41E8CF882AA46D7800ED2C02 /* SettingView.swift in Sources */,
				4105E0FB2AA2630900049009 /* MainMenuView.swift in Sources */,
				41B8A8712A9F9F610068EF04 /* ContentView.swift in Sources */,
				416B6D722AA1B0350084101D /* ReelView.swift in Sources */,
				416B6D6E2AA1A13C0084101D /* LogoView.swift in Sources */,
				4105E0FD2AA2829700049009 /* UserHandler.swift in Sources */,
				41E8CF862AA446A400ED2C02 /* LeaderBoardRow.swift in Sources */,
				41B8A86F2A9F9F610068EF04 /* TaiXiuAppApp.swift in Sources */,
				4105E1002AA34BE200049009 /* RegisterLoginView.swift in Sources */,
				4105E1062AA38C2E00049009 /* LeaderViewBoard.swift in Sources */,
				4143558D2AA1FC1E00992C51 /* InfoView.swift in Sources */,
			);
			runOnlyForDeploymentPostprocessing = 0;
		};
/* End PBXSourcesBuildPhase section */

/* Begin XCBuildConfiguration section */
		41B8A8772A9F9F680068EF04 /* Debug */ = {
			isa = XCBuildConfiguration;
			buildSettings = {
				ALWAYS_SEARCH_USER_PATHS = NO;
				CLANG_ANALYZER_NONNULL = YES;
				CLANG_ANALYZER_NUMBER_OBJECT_CONVERSION = YES_AGGRESSIVE;
				CLANG_CXX_LANGUAGE_STANDARD = "gnu++20";
				CLANG_ENABLE_MODULES = YES;
				CLANG_ENABLE_OBJC_ARC = YES;
				CLANG_ENABLE_OBJC_WEAK = YES;
				CLANG_WARN_BLOCK_CAPTURE_AUTORELEASING = YES;
				CLANG_WARN_BOOL_CONVERSION = YES;
				CLANG_WARN_COMMA = YES;
				CLANG_WARN_CONSTANT_CONVERSION = YES;
				CLANG_WARN_DEPRECATED_OBJC_IMPLEMENTATIONS = YES;
				CLANG_WARN_DIRECT_OBJC_ISA_USAGE = YES_ERROR;
				CLANG_WARN_DOCUMENTATION_COMMENTS = YES;
				CLANG_WARN_EMPTY_BODY = YES;
				CLANG_WARN_ENUM_CONVERSION = YES;
				CLANG_WARN_INFINITE_RECURSION = YES;
				CLANG_WARN_INT_CONVERSION = YES;
				CLANG_WARN_NON_LITERAL_NULL_CONVERSION = YES;
				CLANG_WARN_OBJC_IMPLICIT_RETAIN_SELF = YES;
				CLANG_WARN_OBJC_LITERAL_CONVERSION = YES;
				CLANG_WARN_OBJC_ROOT_CLASS = YES_ERROR;
				CLANG_WARN_QUOTED_INCLUDE_IN_FRAMEWORK_HEADER = YES;
				CLANG_WARN_RANGE_LOOP_ANALYSIS = YES;
				CLANG_WARN_STRICT_PROTOTYPES = YES;
				CLANG_WARN_SUSPICIOUS_MOVE = YES;
				CLANG_WARN_UNGUARDED_AVAILABILITY = YES_AGGRESSIVE;
				CLANG_WARN_UNREACHABLE_CODE = YES;
				CLANG_WARN__DUPLICATE_METHOD_MATCH = YES;
				COPY_PHASE_STRIP = NO;
				DEBUG_INFORMATION_FORMAT = dwarf;
				ENABLE_STRICT_OBJC_MSGSEND = YES;
				ENABLE_TESTABILITY = YES;
				GCC_C_LANGUAGE_STANDARD = gnu11;
				GCC_DYNAMIC_NO_PIC = NO;
				GCC_NO_COMMON_BLOCKS = YES;
				GCC_OPTIMIZATION_LEVEL = 0;
				GCC_PREPROCESSOR_DEFINITIONS = (
					"DEBUG=1",
					"$(inherited)",
				);
				GCC_WARN_64_TO_32_BIT_CONVERSION = YES;
				GCC_WARN_ABOUT_RETURN_TYPE = YES_ERROR;
				GCC_WARN_UNDECLARED_SELECTOR = YES;
				GCC_WARN_UNINITIALIZED_AUTOS = YES_AGGRESSIVE;
				GCC_WARN_UNUSED_FUNCTION = YES;
				GCC_WARN_UNUSED_VARIABLE = YES;
				IPHONEOS_DEPLOYMENT_TARGET = 16.4;
				MTL_ENABLE_DEBUG_INFO = INCLUDE_SOURCE;
				MTL_FAST_MATH = YES;
				ONLY_ACTIVE_ARCH = YES;
				SDKROOT = iphoneos;
				SWIFT_ACTIVE_COMPILATION_CONDITIONS = DEBUG;
				SWIFT_OPTIMIZATION_LEVEL = "-Onone";
			};
			name = Debug;
		};
		41B8A8782A9F9F680068EF04 /* Release */ = {
			isa = XCBuildConfiguration;
			buildSettings = {
				ALWAYS_SEARCH_USER_PATHS = NO;
				CLANG_ANALYZER_NONNULL = YES;
				CLANG_ANALYZER_NUMBER_OBJECT_CONVERSION = YES_AGGRESSIVE;
				CLANG_CXX_LANGUAGE_STANDARD = "gnu++20";
				CLANG_ENABLE_MODULES = YES;
				CLANG_ENABLE_OBJC_ARC = YES;
				CLANG_ENABLE_OBJC_WEAK = YES;
				CLANG_WARN_BLOCK_CAPTURE_AUTORELEASING = YES;
				CLANG_WARN_BOOL_CONVERSION = YES;
				CLANG_WARN_COMMA = YES;
				CLANG_WARN_CONSTANT_CONVERSION = YES;
				CLANG_WARN_DEPRECATED_OBJC_IMPLEMENTATIONS = YES;
				CLANG_WARN_DIRECT_OBJC_ISA_USAGE = YES_ERROR;
				CLANG_WARN_DOCUMENTATION_COMMENTS = YES;
				CLANG_WARN_EMPTY_BODY = YES;
				CLANG_WARN_ENUM_CONVERSION = YES;
				CLANG_WARN_INFINITE_RECURSION = YES;
				CLANG_WARN_INT_CONVERSION = YES;
				CLANG_WARN_NON_LITERAL_NULL_CONVERSION = YES;
				CLANG_WARN_OBJC_IMPLICIT_RETAIN_SELF = YES;
				CLANG_WARN_OBJC_LITERAL_CONVERSION = YES;
				CLANG_WARN_OBJC_ROOT_CLASS = YES_ERROR;
				CLANG_WARN_QUOTED_INCLUDE_IN_FRAMEWORK_HEADER = YES;
				CLANG_WARN_RANGE_LOOP_ANALYSIS = YES;
				CLANG_WARN_STRICT_PROTOTYPES = YES;
				CLANG_WARN_SUSPICIOUS_MOVE = YES;
				CLANG_WARN_UNGUARDED_AVAILABILITY = YES_AGGRESSIVE;
				CLANG_WARN_UNREACHABLE_CODE = YES;
				CLANG_WARN__DUPLICATE_METHOD_MATCH = YES;
				COPY_PHASE_STRIP = NO;
				DEBUG_INFORMATION_FORMAT = "dwarf-with-dsym";
				ENABLE_NS_ASSERTIONS = NO;
				ENABLE_STRICT_OBJC_MSGSEND = YES;
				GCC_C_LANGUAGE_STANDARD = gnu11;
				GCC_NO_COMMON_BLOCKS = YES;
				GCC_WARN_64_TO_32_BIT_CONVERSION = YES;
				GCC_WARN_ABOUT_RETURN_TYPE = YES_ERROR;
				GCC_WARN_UNDECLARED_SELECTOR = YES;
				GCC_WARN_UNINITIALIZED_AUTOS = YES_AGGRESSIVE;
				GCC_WARN_UNUSED_FUNCTION = YES;
				GCC_WARN_UNUSED_VARIABLE = YES;
				IPHONEOS_DEPLOYMENT_TARGET = 16.4;
				MTL_ENABLE_DEBUG_INFO = NO;
				MTL_FAST_MATH = YES;
				SDKROOT = iphoneos;
				SWIFT_COMPILATION_MODE = wholemodule;
				SWIFT_OPTIMIZATION_LEVEL = "-O";
				VALIDATE_PRODUCT = YES;
			};
			name = Release;
		};
		41B8A87A2A9F9F680068EF04 /* Debug */ = {
			isa = XCBuildConfiguration;
			buildSettings = {
				ASSETCATALOG_COMPILER_APPICON_NAME = AppIcon;
				ASSETCATALOG_COMPILER_GLOBAL_ACCENT_COLOR_NAME = AccentColor;
				CODE_SIGN_STYLE = Automatic;
				CURRENT_PROJECT_VERSION = 1;
				DEVELOPMENT_ASSET_PATHS = "\"TaiXiuApp/Preview Content\"";
				ENABLE_PREVIEWS = YES;
				GENERATE_INFOPLIST_FILE = YES;
				INFOPLIST_KEY_UIApplicationSceneManifest_Generation = YES;
				INFOPLIST_KEY_UIApplicationSupportsIndirectInputEvents = YES;
				INFOPLIST_KEY_UILaunchScreen_Generation = YES;
				INFOPLIST_KEY_UISupportedInterfaceOrientations_iPad = "UIInterfaceOrientationPortrait UIInterfaceOrientationPortraitUpsideDown UIInterfaceOrientationLandscapeLeft UIInterfaceOrientationLandscapeRight";
				INFOPLIST_KEY_UISupportedInterfaceOrientations_iPhone = "UIInterfaceOrientationPortrait UIInterfaceOrientationLandscapeLeft UIInterfaceOrientationLandscapeRight";
				LD_RUNPATH_SEARCH_PATHS = (
					"$(inherited)",
					"@executable_path/Frameworks",
				);
				MARKETING_VERSION = 1.0;
				PRODUCT_BUNDLE_IDENTIFIER = vn.edu.rmit.huynguyen.TaiXiuApp;
				PRODUCT_NAME = "$(TARGET_NAME)";
				SWIFT_EMIT_LOC_STRINGS = YES;
				SWIFT_VERSION = 5.0;
				TARGETED_DEVICE_FAMILY = "1,2";
			};
			name = Debug;
		};
		41B8A87B2A9F9F680068EF04 /* Release */ = {
			isa = XCBuildConfiguration;
			buildSettings = {
				ASSETCATALOG_COMPILER_APPICON_NAME = AppIcon;
				ASSETCATALOG_COMPILER_GLOBAL_ACCENT_COLOR_NAME = AccentColor;
				CODE_SIGN_STYLE = Automatic;
				CURRENT_PROJECT_VERSION = 1;
				DEVELOPMENT_ASSET_PATHS = "\"TaiXiuApp/Preview Content\"";
				ENABLE_PREVIEWS = YES;
				GENERATE_INFOPLIST_FILE = YES;
				INFOPLIST_KEY_UIApplicationSceneManifest_Generation = YES;
				INFOPLIST_KEY_UIApplicationSupportsIndirectInputEvents = YES;
				INFOPLIST_KEY_UILaunchScreen_Generation = YES;
				INFOPLIST_KEY_UISupportedInterfaceOrientations_iPad = "UIInterfaceOrientationPortrait UIInterfaceOrientationPortraitUpsideDown UIInterfaceOrientationLandscapeLeft UIInterfaceOrientationLandscapeRight";
				INFOPLIST_KEY_UISupportedInterfaceOrientations_iPhone = "UIInterfaceOrientationPortrait UIInterfaceOrientationLandscapeLeft UIInterfaceOrientationLandscapeRight";
				LD_RUNPATH_SEARCH_PATHS = (
					"$(inherited)",
					"@executable_path/Frameworks",
				);
				MARKETING_VERSION = 1.0;
				PRODUCT_BUNDLE_IDENTIFIER = vn.edu.rmit.huynguyen.TaiXiuApp;
				PRODUCT_NAME = "$(TARGET_NAME)";
				SWIFT_EMIT_LOC_STRINGS = YES;
				SWIFT_VERSION = 5.0;
				TARGETED_DEVICE_FAMILY = "1,2";
			};
			name = Release;
		};
/* End XCBuildConfiguration section */

/* Begin XCConfigurationList section */
		41B8A8662A9F9F600068EF04 /* Build configuration list for PBXProject "TaiXiuApp" */ = {
			isa = XCConfigurationList;
			buildConfigurations = (
				41B8A8772A9F9F680068EF04 /* Debug */,
				41B8A8782A9F9F680068EF04 /* Release */,
			);
			defaultConfigurationIsVisible = 0;
			defaultConfigurationName = Release;
		};
		41B8A8792A9F9F680068EF04 /* Build configuration list for PBXNativeTarget "TaiXiuApp" */ = {
			isa = XCConfigurationList;
			buildConfigurations = (
				41B8A87A2A9F9F680068EF04 /* Debug */,
				41B8A87B2A9F9F680068EF04 /* Release */,
			);
			defaultConfigurationIsVisible = 0;
			defaultConfigurationName = Release;
		};
/* End XCConfigurationList section */
	};
	rootObject = 41B8A8632A9F9F600068EF04 /* Project object */;
}
